
Microsoft Visual Studio Solution File, Format Version 12.00
# Visual Studio Version 17
VisualStudioVersion = 17.4.33110.190
MinimumVisualStudioVersion = 10.0.40219.1
Project("{FAE04EC0-301F-11D3-BF4B-00C04F79EFBC}") = "MidProject", "MidProject\MidProject.csproj", "{9E97CE6C-3EFD-4C09-9A62-F7E9C1210D77}"
EndProject
Global
	GlobalSection(SolutionConfigurationPlatforms) = preSolution
		Debug|Any CPU = Debug|Any CPU
		Release|Any CPU = Release|Any CPU
	EndGlobalSection
	GlobalSection(ProjectConfigurationPlatforms) = postSolution
		{9E97CE6C-3EFD-4C09-9A62-F7E9C1210D77}.Debug|Any CPU.ActiveCfg = Debug|Any CPU
		{9E97CE6C-3EFD-4C09-9A62-F7E9C1210D77}.Debug|Any CPU.Build.0 = Debug|Any CPU
		{9E97CE6C-3EFD-4C09-9A62-F7E9C1210D77}.Release|Any CPU.ActiveCfg = Release|Any CPU
		{9E97CE6C-3EFD-4C09-9A62-F7E9C1210D77}.Release|Any CPU.Build.0 = Release|Any CPU
	EndGlobalSection
	GlobalSection(SolutionProperties) = preSolution
		HideSolutionNode = FALSE
	EndGlobalSection
	GlobalSection(ExtensibilityGlobals) = postSolution
		SolutionGuid = {66C1FC77-1C1C-4BE2-A4BA-EFD00FD9C520}
	EndGlobalSection
EndGlobal
